
Microsoft Visual Studio Solution File, Format Version 12.00
# Visual Studio Version 17
VisualStudioVersion = 17.11.35208.52
MinimumVisualStudioVersion = 10.0.40219.1
Project("{9A19103F-16F7-4668-BE54-9A1E7A4F7556}") = "DevBlogPF", "DevBlogPF\DevBlogPF.csproj", "{ED50B6EB-A441-41B2-92BE-3272A92305F3}"
EndProject
Project("{FAE04EC0-301F-11D3-BF4B-00C04F79EFBC}") = "UnitTests", "UnitTests\UnitTests.csproj", "{58582875-0752-4560-9B53-C5D4DC811C13}"
EndProject
Global
	GlobalSection(SolutionConfigurationPlatforms) = preSolution
		Debug|Any CPU = Debug|Any CPU
		Release|Any CPU = Release|Any CPU
	EndGlobalSection
	GlobalSection(ProjectConfigurationPlatforms) = postSolution
		{ED50B6EB-A441-41B2-92BE-3272A92305F3}.Debug|Any CPU.ActiveCfg = Debug|Any CPU
		{ED50B6EB-A441-41B2-92BE-3272A92305F3}.Debug|Any CPU.Build.0 = Debug|Any CPU
		{ED50B6EB-A441-41B2-92BE-3272A92305F3}.Release|Any CPU.ActiveCfg = Release|Any CPU
		{ED50B6EB-A441-41B2-92BE-3272A92305F3}.Release|Any CPU.Build.0 = Release|Any CPU
		{58582875-0752-4560-9B53-C5D4DC811C13}.Debug|Any CPU.ActiveCfg = Debug|Any CPU
		{58582875-0752-4560-9B53-C5D4DC811C13}.Debug|Any CPU.Build.0 = Debug|Any CPU
		{58582875-0752-4560-9B53-C5D4DC811C13}.Release|Any CPU.ActiveCfg = Release|Any CPU
		{58582875-0752-4560-9B53-C5D4DC811C13}.Release|Any CPU.Build.0 = Release|Any CPU
	EndGlobalSection
	GlobalSection(SolutionProperties) = preSolution
		HideSolutionNode = FALSE
	EndGlobalSection
	GlobalSection(ExtensibilityGlobals) = postSolution
		SolutionGuid = {45E36FDC-F174-4F98-988B-71A417616FF6}
	EndGlobalSection
EndGlobal
